
Microsoft Visual Studio Solution File, Format Version 12.00
# Visual Studio 15
VisualStudioVersion = 15.0.26124.0
MinimumVisualStudioVersion = 15.0.26124.0
Project("{FAE04EC0-301F-11D3-BF4B-00C04F79EFBC}") = "Programm", "Calculator\Programm.csproj", "{A84AD710-A8E2-466B-813F-120A4CBDC10A}"
EndProject
Project("{FAE04EC0-301F-11D3-BF4B-00C04F79EFBC}") = "Programm", "Parser\Programm.csproj", "{C276F4BD-B005-4029-9B1A-DBC22553BEFE}"
EndProject
Global
	GlobalSection(SolutionConfigurationPlatforms) = preSolution
		Debug|Any CPU = Debug|Any CPU
		Debug|x64 = Debug|x64
		Debug|x86 = Debug|x86
		Release|Any CPU = Release|Any CPU
		Release|x64 = Release|x64
		Release|x86 = Release|x86
	EndGlobalSection
	GlobalSection(SolutionProperties) = preSolution
		HideSolutionNode = FALSE
	EndGlobalSection
	GlobalSection(ProjectConfigurationPlatforms) = postSolution
		{A84AD710-A8E2-466B-813F-120A4CBDC10A}.Debug|Any CPU.ActiveCfg = Debug|Any CPU
		{A84AD710-A8E2-466B-813F-120A4CBDC10A}.Debug|Any CPU.Build.0 = Debug|Any CPU
		{A84AD710-A8E2-466B-813F-120A4CBDC10A}.Debug|x64.ActiveCfg = Debug|Any CPU
		{A84AD710-A8E2-466B-813F-120A4CBDC10A}.Debug|x64.Build.0 = Debug|Any CPU
		{A84AD710-A8E2-466B-813F-120A4CBDC10A}.Debug|x86.ActiveCfg = Debug|Any CPU
		{A84AD710-A8E2-466B-813F-120A4CBDC10A}.Debug|x86.Build.0 = Debug|Any CPU
		{A84AD710-A8E2-466B-813F-120A4CBDC10A}.Release|Any CPU.ActiveCfg = Release|Any CPU
		{A84AD710-A8E2-466B-813F-120A4CBDC10A}.Release|Any CPU.Build.0 = Release|Any CPU
		{A84AD710-A8E2-466B-813F-120A4CBDC10A}.Release|x64.ActiveCfg = Release|Any CPU
		{A84AD710-A8E2-466B-813F-120A4CBDC10A}.Release|x64.Build.0 = Release|Any CPU
		{A84AD710-A8E2-466B-813F-120A4CBDC10A}.Release|x86.ActiveCfg = Release|Any CPU
		{A84AD710-A8E2-466B-813F-120A4CBDC10A}.Release|x86.Build.0 = Release|Any CPU
		{C276F4BD-B005-4029-9B1A-DBC22553BEFE}.Debug|Any CPU.ActiveCfg = Debug|Any CPU
		{C276F4BD-B005-4029-9B1A-DBC22553BEFE}.Debug|Any CPU.Build.0 = Debug|Any CPU
		{C276F4BD-B005-4029-9B1A-DBC22553BEFE}.Debug|x64.ActiveCfg = Debug|Any CPU
		{C276F4BD-B005-4029-9B1A-DBC22553BEFE}.Debug|x64.Build.0 = Debug|Any CPU
		{C276F4BD-B005-4029-9B1A-DBC22553BEFE}.Debug|x86.ActiveCfg = Debug|Any CPU
		{C276F4BD-B005-4029-9B1A-DBC22553BEFE}.Debug|x86.Build.0 = Debug|Any CPU
		{C276F4BD-B005-4029-9B1A-DBC22553BEFE}.Release|Any CPU.ActiveCfg = Release|Any CPU
		{C276F4BD-B005-4029-9B1A-DBC22553BEFE}.Release|Any CPU.Build.0 = Release|Any CPU
		{C276F4BD-B005-4029-9B1A-DBC22553BEFE}.Release|x64.ActiveCfg = Release|Any CPU
		{C276F4BD-B005-4029-9B1A-DBC22553BEFE}.Release|x64.Build.0 = Release|Any CPU
		{C276F4BD-B005-4029-9B1A-DBC22553BEFE}.Release|x86.ActiveCfg = Release|Any CPU
		{C276F4BD-B005-4029-9B1A-DBC22553BEFE}.Release|x86.Build.0 = Release|Any CPU
	EndGlobalSection
EndGlobal
